{
  "name": "@jygzyc/decx-extension",
  "lockfileVersion": 3,
  "requires": true,
  "packages": {
    "": {
      "name": "@jygzyc/decx-extension",
      "dependencies": {
        "@openclaw/fs-safe": "0.25.0"
      }
    },
    "node_modules/@openclaw/fs-safe": {
      "version": "0.25.0",
      "resolved": "https://registry.npmjs.org/@openclaw/fs-safe/-/fs-safe-0.25.0.tgz",
      "integrity": "sha512-/8XzfW0zulV1BPzjnkD7vRG12u0u517w00rIuAGmW4GU07fxatYSkLHc1GaFCSX/WuLwGPzoxjPSKuRloBprIQ==",
      "license": "MIT",
      "engines": {
        "node": ">=22"
      },
      "optionalDependencies": {
        "@openclaw/fs-safe-darwin-arm64": "0.25.0",
        "@openclaw/fs-safe-darwin-x64": "0.25.0",
        "@openclaw/fs-safe-linux-arm64-gnu": "0.25.0",
        "@openclaw/fs-safe-linux-arm64-musl": "0.25.0",
        "@openclaw/fs-safe-linux-x64-gnu": "0.25.0",
        "@openclaw/fs-safe-linux-x64-musl": "0.25.0",
        "@openclaw/fs-safe-win32-x64-msvc": "0.25.0",
        "jszip": "^3.10.2"
      }
    },
    "node_modules/@openclaw/fs-safe-darwin-arm64": {
      "version": "0.25.0",
      "resolved": "https://registry.npmjs.org/@openclaw/fs-safe-darwin-arm64/-/fs-safe-darwin-arm64-0.25.0.tgz",
      "integrity": "sha512-ftwB6/cM4bdWXn2pBwUSEL4A5ZnX5jh6aEPBhS5Q3Yd/bQgJyWIFTNv4+kC+4QrufuX20/VF/kIjPyu17RcDMg==",
      "cpu": [
        "arm64"
      ],
      "license": "MIT",
      "optional": true,
      "os": [
        "darwin"
      ],
      "engines": {
        "node": ">=22"
      }
    },
    "node_modules/@openclaw/fs-safe-darwin-x64": {
      "version": "0.25.0",
      "resolved": "https://registry.npmjs.org/@openclaw/fs-safe-darwin-x64/-/fs-safe-darwin-x64-0.25.0.tgz",
      "integrity": "sha512-HFAAytEr0MN4zZwoLiv3oLmDOJFchanUHl5gi5YQyPTqf7/C0AEuPcR1+gP0dWpuccCEmuxivKE30yriw+WUUw==",
      "cpu": [
        "x64"
      ],
      "license": "MIT",
      "optional": true,
      "os": [
        "darwin"
      ],
      "engines": {
        "node": ">=22"
      }
    },
    "node_modules/@openclaw/fs-safe-linux-arm64-gnu": {
      "version": "0.25.0",
      "resolved": "https://registry.npmjs.org/@openclaw/fs-safe-linux-arm64-gnu/-/fs-safe-linux-arm64-gnu-0.25.0.tgz",
      "integrity": "sha512-7Cpa7T7s53TpPMH3Uc5iB3SqzHmta/jsU+2xrdBxTk/Ztc2bKy21hPlaoEI/ITMdXL1L0bYxaRvlIzoJH+6XKw==",
      "cpu": [
        "arm64"
      ],
      "libc": [
        "glibc"
      ],
      "license": "MIT",
      "optional": true,
      "os": [
        "linux"
      ],
      "engines": {
        "node": ">=22"
      }
    },
    "node_modules/@openclaw/fs-safe-linux-arm64-musl": {
      "version": "0.25.0",
      "resolved": "https://registry.npmjs.org/@openclaw/fs-safe-linux-arm64-musl/-/fs-safe-linux-arm64-musl-0.25.0.tgz",
      "integrity": "sha512-9ZeTBNh1OKCSCZzc1Ne4SN96IlFA1qrHs1yclP8vxCXFXGgkTFyX2xwZ8qLuONodPDezifqVxzP66tGvyBQadw==",
      "cpu": [
        "arm64"
      ],
      "libc": [
        "musl"
      ],
      "license": "MIT",
      "optional": true,
      "os": [
        "linux"
      ],
      "engines": {
        "node": ">=22"
      }
    },
    "node_modules/@openclaw/fs-safe-linux-x64-gnu": {
      "version": "0.25.0",
      "resolved": "https://registry.npmjs.org/@openclaw/fs-safe-linux-x64-gnu/-/fs-safe-linux-x64-gnu-0.25.0.tgz",
      "integrity": "sha512-/OMLec2NpYuBRnDeexaKwJEkgIBrUO78AxSEBqoJpAzbZ9foLvtwxyEyOZfqnTrtrHwkY1PC+ebNMQbZDj6Z7g==",
      "cpu": [
        "x64"
      ],
      "libc": [
        "glibc"
      ],
      "license": "MIT",
      "optional": true,
      "os": [
        "linux"
      ],
      "engines": {
        "node": ">=22"
      }
    },
    "node_modules/@openclaw/fs-safe-linux-x64-musl": {
      "version": "0.25.0",
      "resolved": "https://registry.npmjs.org/@openclaw/fs-safe-linux-x64-musl/-/fs-safe-linux-x64-musl-0.25.0.tgz",
      "integrity": "sha512-WQXl6zfqS4nbWwDsMx7cAH0jI8sD8DRLrgLv2pygM7lPgbX5zVC7mz8reI632qyYJBHYbg0l+FymNUk0YxocFg==",
      "cpu": [
        "x64"
      ],
      "libc": [
        "musl"
      ],
      "license": "MIT",
      "optional": true,
      "os": [
        "linux"
      ],
      "engines": {
        "node": ">=22"
      }
    },
    "node_modules/@openclaw/fs-safe-win32-x64-msvc": {
      "version": "0.25.0",
      "resolved": "https://registry.npmjs.org/@openclaw/fs-safe-win32-x64-msvc/-/fs-safe-win32-x64-msvc-0.25.0.tgz",
      "integrity": "sha512-O4cDKqwownShG/LvhxrrQl5sa9D8WSCTT51vzmugi8dAdXGLwaEa+qtpSWJEfA2BY9rQW3ohipHEO92uO52Gbw==",
      "cpu": [
        "x64"
      ],
      "license": "MIT",
      "optional": true,
      "os": [
        "win32"
      ],
      "engines": {
        "node": ">=22"
      }
    },
    "node_modules/core-util-is": {
      "version": "1.0.3",
      "resolved": "https://registry.npmjs.org/core-util-is/-/core-util-is-1.0.3.tgz",
      "integrity": "sha512-ZQBvi1DcpJ4GDqanjucZ2Hj3wEO5pZDS89BWbkcrvdxksJorwUDDZamX9ldFkp9aw2lmBDLgkObEA4DWNJ9FYQ==",
      "license": "MIT",
      "optional": true
    },
    "node_modules/immediate": {
      "version": "3.0.6",
      "resolved": "https://registry.npmjs.org/immediate/-/immediate-3.0.6.tgz",
      "integrity": "sha512-XXOFtyqDjNDAQxVfYxuF7g9Il/IbWmmlQg2MYKOH8ExIT1qg6xc4zyS3HaEEATgs1btfzxq15ciUiY7gjSXRGQ==",
      "license": "MIT",
      "optional": true
    },
    "node_modules/inherits": {
      "version": "2.0.4",
      "resolved": "https://registry.npmjs.org/inherits/-/inherits-2.0.4.tgz",
      "integrity": "sha512-k/vGaX4/Yla3WzyMCvTQOXYeIHvqOKtnqBduzTHpzpQZzAskKMhZ2K+EnBiSM9zGSoIFeMpXKxa4dYeZIQqewQ==",
      "license": "ISC",
      "optional": true
    },
    "node_modules/isarray": {
      "version": "1.0.0",
      "resolved": "https://registry.npmjs.org/isarray/-/isarray-1.0.0.tgz",
      "integrity": "sha512-VLghIWNM6ELQzo7zwmcg0NmTVyWKYjvIeM83yjp0wRDTmUnrM678fQbcKBo6n2CJEF0szoG//ytg+TKla89ALQ==",
      "license": "MIT",
      "optional": true
    },
    "node_modules/jszip": {
      "version": "3.10.2",
      "resolved": "https://registry.npmjs.org/jszip/-/jszip-3.10.2.tgz",
      "integrity": "sha512-3l+rb15IOWtUhU0H5MFqES/T6Kh7abYwjosBey/vD6hDt8zoEffkSC5Ws5SGtgVw3gBx2NEbhTeSW1+kWkpyTQ==",
      "license": "(MIT OR GPL-3.0-or-later)",
      "optional": true,
      "dependencies": {
        "lie": "~3.3.0",
        "pako": "~1.0.2",
        "readable-stream": "~2.3.6",
        "setimmediate": "^1.0.5"
      }
    },
    "node_modules/lie": {
      "version": "3.3.0",
      "resolved": "https://registry.npmjs.org/lie/-/lie-3.3.0.tgz",
      "integrity": "sha512-UaiMJzeWRlEujzAuw5LokY1L5ecNQYZKfmyZ9L7wDHb/p5etKaxXhohBcrw0EYby+G/NA52vRSN4N39dxHAIwQ==",
      "license": "MIT",
      "optional": true,
      "dependencies": {
        "immediate": "~3.0.5"
      }
    },
    "node_modules/pako": {
      "version": "1.0.11",
      "resolved": "https://registry.npmjs.org/pako/-/pako-1.0.11.tgz",
      "integrity": "sha512-4hLB8Py4zZce5s4yd9XzopqwVv/yGNhV1Bl8NTmCq1763HeK2+EwVTv+leGeL13Dnh2wfbqowVPXCIO0z4taYw==",
      "license": "(MIT AND Zlib)",
      "optional": true
    },
    "node_modules/process-nextick-args": {
      "version": "2.0.1",
      "resolved": "https://registry.npmjs.org/process-nextick-args/-/process-nextick-args-2.0.1.tgz",
      "integrity": "sha512-3ouUOpQhtgrbOa17J7+uxOTpITYWaGP7/AhoR3+A+/1e9skrzelGi/dXzEYyvbxubEF6Wn2ypscTKiKJFFn1ag==",
      "license": "MIT",
      "optional": true
    },
    "node_modules/readable-stream": {
      "version": "2.3.8",
      "resolved": "https://registry.npmjs.org/readable-stream/-/readable-stream-2.3.8.tgz",
      "integrity": "sha512-8p0AUk4XODgIewSi0l8Epjs+EVnWiK7NoDIEGU0HhE7+ZyY8D1IMY7odu5lRrFXGg71L15KG8QrPmum45RTtdA==",
      "license": "MIT",
      "optional": true,
      "dependencies": {
        "core-util-is": "~1.0.0",
        "inherits": "~2.0.3",
        "isarray": "~1.0.0",
        "process-nextick-args": "~2.0.0",
        "safe-buffer": "~5.1.1",
        "string_decoder": "~1.1.1",
        "util-deprecate": "~1.0.1"
      }
    },
    "node_modules/safe-buffer": {
      "version": "5.1.2",
      "resolved": "https://registry.npmjs.org/safe-buffer/-/safe-buffer-5.1.2.tgz",
      "integrity": "sha512-Gd2UZBJDkXlY7GbJxfsE8/nvKkUEU1G38c1siN6QP6a9PT9MmHB8GnpscSmMJSoF8LOIrt8ud/wPtojys4G6+g==",
      "license": "MIT",
      "optional": true
    },
    "node_modules/setimmediate": {
      "version": "1.0.5",
      "resolved": "https://registry.npmjs.org/setimmediate/-/setimmediate-1.0.5.tgz",
      "integrity": "sha512-MATJdZp8sLqDl/68LfQmbP8zKPLQNV6BIZoIgrscFDQ+RsvK/BxeDQOgyxKKoh0y/8h3BqVFnCqQ/gd+reiIXA==",
      "license": "MIT",
      "optional": true
    },
    "node_modules/string_decoder": {
      "version": "1.1.1",
      "resolved": "https://registry.npmjs.org/string_decoder/-/string_decoder-1.1.1.tgz",
      "integrity": "sha512-n/ShnvDi6FHbbVfviro+WojiFzv+s8MPMHBczVePfUpDJLwoLT0ht1l4YwBCbi8pJAveEEdnkHyPyTP/mzRfwg==",
      "license": "MIT",
      "optional": true,
      "dependencies": {
        "safe-buffer": "~5.1.0"
      }
    },
    "node_modules/util-deprecate": {
      "version": "1.0.2",
      "resolved": "https://registry.npmjs.org/util-deprecate/-/util-deprecate-1.0.2.tgz",
      "integrity": "sha512-EPD5q1uXyFxJpCrLnCc1nHnq3gOa6DZBocAIiI2TaSCA7VCJ1UJDMagCzIkXNsUYfD1daK//LTEQ8xiIbrHtcw==",
      "license": "MIT",
      "optional": true
    }
  }
}
