{
  "name": "decx-scriptc-toolchain",
  "version": "1.0.0",
  "lockfileVersion": 3,
  "requires": true,
  "packages": {
    "": {
      "name": "decx-scriptc-toolchain",
      "version": "1.0.0",
      "dependencies": {
        "scriptc": "0.2.6"
      }
    },
    "node_modules/@scriptc/cli-darwin-arm64": {
      "version": "0.2.6",
      "resolved": "https://registry.npmjs.org/@scriptc/cli-darwin-arm64/-/cli-darwin-arm64-0.2.6.tgz",
      "integrity": "sha512-jrYMDeL4BAwGO+RDYevSjoU1WzBG/lSXhSlSp9BsLyzPwrtMI7dWpcrdmRcv3Dh7Cuoth5i9AXs7dfxNnc/z0g==",
      "cpu": [
        "arm64"
      ],
      "license": "Apache-2.0",
      "optional": true,
      "os": [
        "darwin"
      ]
    },
    "node_modules/@scriptc/cli-darwin-x64": {
      "version": "0.2.6",
      "resolved": "https://registry.npmjs.org/@scriptc/cli-darwin-x64/-/cli-darwin-x64-0.2.6.tgz",
      "integrity": "sha512-6caeFN2Sm3CeMs/69Rz0N1eAbzPIxeo6DPnqzOYhZqQ4uCexO609lwbCa3/AcGY9bzTnOQOWcyhMbolBR6Q2bw==",
      "cpu": [
        "x64"
      ],
      "license": "Apache-2.0",
      "optional": true,
      "os": [
        "darwin"
      ]
    },
    "node_modules/@scriptc/cli-linux-arm64-gnu": {
      "version": "0.2.6",
      "resolved": "https://registry.npmjs.org/@scriptc/cli-linux-arm64-gnu/-/cli-linux-arm64-gnu-0.2.6.tgz",
      "integrity": "sha512-Mx6BekxE7Z0cEq8r1+81ASdsJQydk+x7YLKnUGAPpNvXj7RmX/vzzzdhNc+c7npxsS8Tx7+mIDU7bHr7oAH68Q==",
      "cpu": [
        "arm64"
      ],
      "libc": [
        "glibc"
      ],
      "license": "Apache-2.0",
      "optional": true,
      "os": [
        "linux"
      ]
    },
    "node_modules/@scriptc/cli-linux-arm64-musl": {
      "version": "0.2.6",
      "resolved": "https://registry.npmjs.org/@scriptc/cli-linux-arm64-musl/-/cli-linux-arm64-musl-0.2.6.tgz",
      "integrity": "sha512-cNp3r2741aCnmYfgsaGhEcGHEitL8U45dM+WBZ5A9qDwZ18OzT/u73ZziRIMdnSeA57NFVvg/TpG1AV5q3KgCg==",
      "cpu": [
        "arm64"
      ],
      "libc": [
        "musl"
      ],
      "license": "Apache-2.0",
      "optional": true,
      "os": [
        "linux"
      ]
    },
    "node_modules/@scriptc/cli-linux-x64-gnu": {
      "version": "0.2.6",
      "resolved": "https://registry.npmjs.org/@scriptc/cli-linux-x64-gnu/-/cli-linux-x64-gnu-0.2.6.tgz",
      "integrity": "sha512-hiXnitubaF7AYHFhD9VP6PHSFwjOz4fZzf9HPYvdPpZmu04faQPYhu43fVC7uMfOUK9Ewa/vIfxgquXjGpG7Bw==",
      "cpu": [
        "x64"
      ],
      "libc": [
        "glibc"
      ],
      "license": "Apache-2.0",
      "optional": true,
      "os": [
        "linux"
      ]
    },
    "node_modules/@scriptc/cli-linux-x64-musl": {
      "version": "0.2.6",
      "resolved": "https://registry.npmjs.org/@scriptc/cli-linux-x64-musl/-/cli-linux-x64-musl-0.2.6.tgz",
      "integrity": "sha512-MbjbDFTFc64imoeHEqvLLa1rExxuphJyvQ24icrgYtkNOw84uo5JmT+XEqy+brtqH0qSu0J66AgYQ9oLfJE1jg==",
      "cpu": [
        "x64"
      ],
      "libc": [
        "musl"
      ],
      "license": "Apache-2.0",
      "optional": true,
      "os": [
        "linux"
      ]
    },
    "node_modules/@scriptc/cli-win32-x64-msvc": {
      "version": "0.2.6",
      "resolved": "https://registry.npmjs.org/@scriptc/cli-win32-x64-msvc/-/cli-win32-x64-msvc-0.2.6.tgz",
      "integrity": "sha512-pElS7fldy1WsF9egUxj+DC1QiYlTFfY93dOfrUp0PJhdnc3whGBfSODLQStSKEc5yqovK+2Wa5ncOLdNYuHcNw==",
      "cpu": [
        "x64"
      ],
      "license": "Apache-2.0",
      "optional": true,
      "os": [
        "win32"
      ]
    },
    "node_modules/scriptc": {
      "version": "0.2.6",
      "resolved": "https://registry.npmjs.org/scriptc/-/scriptc-0.2.6.tgz",
      "integrity": "sha512-ShVak3TY4tMGuFzUWJiZepC5ZoM4TFyur9uSP1lm2WSOfpgiFYAulpXe2jlZfbthgGt9lENEBoYyuWn83c8xoA==",
      "hasInstallScript": true,
      "license": "Apache-2.0",
      "bin": {
        "scriptc": "bin/scriptc.exe"
      },
      "engines": {
        "node": ">=24"
      },
      "optionalDependencies": {
        "@scriptc/cli-darwin-arm64": "0.2.6",
        "@scriptc/cli-darwin-x64": "0.2.6",
        "@scriptc/cli-linux-arm64-gnu": "0.2.6",
        "@scriptc/cli-linux-arm64-musl": "0.2.6",
        "@scriptc/cli-linux-x64-gnu": "0.2.6",
        "@scriptc/cli-linux-x64-musl": "0.2.6",
        "@scriptc/cli-win32-x64-msvc": "0.2.6"
      }
    }
  }
}
